
Microsoft Visual Studio Solution File, Format Version 12.00
# Visual Studio Version 16
VisualStudioVersion = 16.0.31515.178
MinimumVisualStudioVersion = 10.0.40219.1
Project("{888888A0-9F3D-457C-B088-3A5042F75D52}") = "Pizza Ordering Chatbot", "Pizza Ordering Chatbot.pyproj", "{115EE302-9829-4A5C-AFDE-7821D27BBB2A}"
EndProject
Global
	GlobalSection(SolutionConfigurationPlatforms) = preSolution
		Debug|Any CPU = Debug|Any CPU
		Release|Any CPU = Release|Any CPU
	EndGlobalSection
	GlobalSection(ProjectConfigurationPlatforms) = postSolution
		{115EE302-9829-4A5C-AFDE-7821D27BBB2A}.Debug|Any CPU.ActiveCfg = Debug|Any CPU
		{115EE302-9829-4A5C-AFDE-7821D27BBB2A}.Release|Any CPU.ActiveCfg = Release|Any CPU
	EndGlobalSection
	GlobalSection(SolutionProperties) = preSolution
		HideSolutionNode = FALSE
	EndGlobalSection
	GlobalSection(ExtensibilityGlobals) = postSolution
		SolutionGuid = {141AB4AD-642F-4E78-B60B-EBA9C036B095}
	EndGlobalSection
EndGlobal
